{
  "version": "2",
  "remote": {
    "https://deno.land/std@0.178.0/fmt/colors.ts": "938c5d44d889fb82eff6c358bea8baa7e85950a16c9f6dae3ec3a7a729164471",
    "https://deno.land/std@0.178.0/testing/_diff.ts": "1a3c044aedf77647d6cac86b798c6417603361b66b54c53331b312caeb447aea",
    "https://deno.land/std@0.178.0/testing/_format.ts": "a69126e8a469009adf4cf2a50af889aca364c349797e63174884a52ff75cf4c7",
    "https://deno.land/std@0.178.0/testing/asserts.ts": "984ab0bfb3faeed92ffaa3a6b06536c66811185328c5dd146257c702c41b01ab",
    "https://esm.sh/fp-ts@2.13.1/Either": "11ec42c6fe3779bcc9187ac938f9ec38e6217023ecbf96becea39eaa7352044d",
    "https://esm.sh/io-ts@2.2.20": "db8f2733718ab52875a0e5d642c9802d714f89f3f655e53293933a164ed5fee6",
    "https://esm.sh/io-ts@2.2.20/PathReporter": "25b30b2c060c77296e0b394846bd75daa0a698b7c9082078760d8b4627b8e113",
    "https://esm.sh/v110/fp-ts@2.13.1/deno/Either.js": "419925bb542e1a2e997f0bd8109f0d3dfe6ba8aaa62a359c086ae020f66b5fbd",
    "https://esm.sh/v110/fp-ts@2.13.1/deno/es6/Applicative.js": "9ab6838cf5e9587e5dde0cd8bc1fc5e096ecf99592f3c02cb3de4366453f2a2f",
    "https://esm.sh/v110/fp-ts@2.13.1/deno/es6/Apply.js": "a9ae5e84a10a9820b28a898a5aaf941cad432a980479148ff2ba445989680605",
    "https://esm.sh/v110/fp-ts@2.13.1/deno/es6/Chain.js": "fafb21a34b368118e323fb292fa80ce26e4dec65c6bcf35923508677e3eca9bf",
    "https://esm.sh/v110/fp-ts@2.13.1/deno/es6/ChainRec.js": "0d18a5356a6d189dc49ca46d0adf996249c37aae8f40c44ff3429f1933c6956a",
    "https://esm.sh/v110/fp-ts@2.13.1/deno/es6/Either.js": "8aa66aa2b24ce4261da2990ef5d305a7b39da8b72d64115e7eafb68f7997d85a",
    "https://esm.sh/v110/fp-ts@2.13.1/deno/es6/FromEither.js": "98b10405a48b0a36630b270b3e767d36a9b988519fa1120871e5908207407d91",
    "https://esm.sh/v110/fp-ts@2.13.1/deno/es6/Functor.js": "99f96824e6525c672ead22626471f4186ee9f67d2bc07c0582f7cc7f094b7171",
    "https://esm.sh/v110/fp-ts@2.13.1/deno/es6/Separated.js": "0ca02cbe64b61fe59f9ece017f6b9168e4d87c06fd8051a4b9ce4826df63bf9e",
    "https://esm.sh/v110/fp-ts@2.13.1/deno/es6/Witherable.js": "1af3501fc3e822ae24d24b00769b6af451dd5213b48384ce71403418a655e954",
    "https://esm.sh/v110/fp-ts@2.13.1/deno/es6/function.js": "896996719d1a858d8db120acfe4256881f7ecac52bd06b3712bba550dfae0cbb",
    "https://esm.sh/v110/fp-ts@2.13.1/deno/es6/internal.js": "18db9269c9e766f0ab37650ca2b3a0756e89c891d8b7f95d4a2ff53b82b82738",
    "https://esm.sh/v110/fp-ts@2.13.1/lib/Alt.d.ts": "335b619142541a766013dd602c4f8e514092aa9ad1d5ed60ba79664feabd8840",
    "https://esm.sh/v110/fp-ts@2.13.1/lib/Alternative.d.ts": "c346e74c73127f0a5e887fc6ffac8d3db38dd1e33536d48832639488552fac9b",
    "https://esm.sh/v110/fp-ts@2.13.1/lib/Applicative.d.ts": "aafe863b8d5a905859d461e85992eeb13b62033203cf40489724f08f0cc97176",
    "https://esm.sh/v110/fp-ts@2.13.1/lib/Apply.d.ts": "47e0100ff9114211e2aaa6e8ac8054fd2599727f0a60b037dcae333c5bbf217a",
    "https://esm.sh/v110/fp-ts@2.13.1/lib/Bifunctor.d.ts": "64a547ccb368ba42307bbdf3a0552916ba1bc0dfca54edb61c5ad859b2061bb5",
    "https://esm.sh/v110/fp-ts@2.13.1/lib/BooleanAlgebra.d.ts": "0ace63c2b6fb78dbb43da90cd5cf9f773427ac32d254beebf78801b0b0423cff",
    "https://esm.sh/v110/fp-ts@2.13.1/lib/Bounded.d.ts": "fef9c8878c6b78560da003bf59e4d1e0f1af9a4bd15310f48ec9376b9ce1c5c8",
    "https://esm.sh/v110/fp-ts@2.13.1/lib/BoundedDistributiveLattice.d.ts": "5f4aad52b72a6a9c45e9ca942bb314760ee0cdf41b253db952d58a92f49cc8ed",
    "https://esm.sh/v110/fp-ts@2.13.1/lib/BoundedJoinSemilattice.d.ts": "7e43c5e40678c6fda9d13d874e4aa5cf692e656717499a63b278f45c0f54363a",
    "https://esm.sh/v110/fp-ts@2.13.1/lib/BoundedLattice.d.ts": "131fb1560244281221b3d97fc4568e7fb3b68aeccaa117741a789093bc7cc9fe",
    "https://esm.sh/v110/fp-ts@2.13.1/lib/BoundedMeetSemilattice.d.ts": "bf354f68efc8f1f57aa66c887b6b00a483f43a158d4b93c408784966ca50bbc8",
    "https://esm.sh/v110/fp-ts@2.13.1/lib/Chain.d.ts": "10ec339a80b730d76e46f3d6694d24726eb644c8f1a668f259b90ac8354237b9",
    "https://esm.sh/v110/fp-ts@2.13.1/lib/ChainRec.d.ts": "4614917344f1a4bfe5a913d1cebcb9a4797ed772f0f741d9a62c6e39d22e1983",
    "https://esm.sh/v110/fp-ts@2.13.1/lib/Comonad.d.ts": "ebd8e7acb6f988bd90948f754ec3d09fdddd1f44c078d27e6795b776083e143f",
    "https://esm.sh/v110/fp-ts@2.13.1/lib/Compactable.d.ts": "5a7c099d765367ff27cdc4352fee6bb5acc9f60a1db23a1b0641356fda1d2f7f",
    "https://esm.sh/v110/fp-ts@2.13.1/lib/Contravariant.d.ts": "6734623d2cc33629b31a292eae39bc66a683bc193f583126a78d3417fef46686",
    "https://esm.sh/v110/fp-ts@2.13.1/lib/DistributiveLattice.d.ts": "1b669703b11811671ad22d6fa0af298ba42e16d983b988caa4e542bc0a70e823",
    "https://esm.sh/v110/fp-ts@2.13.1/lib/Either.d.ts": "4297a2dd20f95f8780fe061cd39e29989e16eab0e13f331bb0c9f46e9c4d44f9",
    "https://esm.sh/v110/fp-ts@2.13.1/lib/Endomorphism.d.ts": "8cf72629a718cf9ceace518413e19c48557a176443e7c1746ad51770824bd273",
    "https://esm.sh/v110/fp-ts@2.13.1/lib/Eq.d.ts": "efe2ca0ab707634ba2009bcb8307b4939d823b8c7084d61862847d911bd89d9a",
    "https://esm.sh/v110/fp-ts@2.13.1/lib/Extend.d.ts": "fabaa53934e30e5625a7a8480182a82db44e7a78e273b4a21d3e1ad8d4791414",
    "https://esm.sh/v110/fp-ts@2.13.1/lib/Filterable.d.ts": "081f2de08efb70f86b34c109583650000dac079c49394994481d3a0c0f6abcf9",
    "https://esm.sh/v110/fp-ts@2.13.1/lib/FilterableWithIndex.d.ts": "72eb127bc038bbbe72c6c9556f2c9f113a18920858e708f900ddaed5066d254e",
    "https://esm.sh/v110/fp-ts@2.13.1/lib/Foldable.d.ts": "959e4771d46a5610053a00a09904035023724d41ee3f2e9bce2caac2d4dd5b8c",
    "https://esm.sh/v110/fp-ts@2.13.1/lib/FoldableWithIndex.d.ts": "6685f1057f8f8178048d9607b1f7b9386b892be789c174e1b99c6f981ca2ba21",
    "https://esm.sh/v110/fp-ts@2.13.1/lib/FromEither.d.ts": "9ce5677ebfe1fd0dfcf4cbc3f3f913898c6266275bf92f4dda7fa9917e6b0f8d",
    "https://esm.sh/v110/fp-ts@2.13.1/lib/Functor.d.ts": "b8cfe8e6bc6cb0049997c8d161fb17aadfd4e23582c4fee7fd8ecfa075ad4f8d",
    "https://esm.sh/v110/fp-ts@2.13.1/lib/FunctorWithIndex.d.ts": "d08d02d5bab803425c8e5fbebdd6dd5d0deb87a91766de25f28df92d8ff04158",
    "https://esm.sh/v110/fp-ts@2.13.1/lib/HeytingAlgebra.d.ts": "68a537c0f216a1880c7eb97eec71e44bb82cbf9afee2cb994579f48747cc8937",
    "https://esm.sh/v110/fp-ts@2.13.1/lib/JoinSemilattice.d.ts": "0dffb71a150679ddb64f93ee1dc1c4e0a9c29e7e955c58b784be425d9dade113",
    "https://esm.sh/v110/fp-ts@2.13.1/lib/Lattice.d.ts": "23e3171ae58a3ce35cbd18ccc7b61af0680ce49e1132919127034de2e68791c7",
    "https://esm.sh/v110/fp-ts@2.13.1/lib/Magma.d.ts": "35ba6b45bdd0fffed5ddc385a6e215e06d4ee32a9a6bdc19a0a095d8ee3c6b88",
    "https://esm.sh/v110/fp-ts@2.13.1/lib/MeetSemilattice.d.ts": "912153b1d2a38807622e6786010b9ec3da099dccc5dc57cd991c9a38465bfa86",
    "https://esm.sh/v110/fp-ts@2.13.1/lib/Monad.d.ts": "e93e8e073cab5f05f73e8c6dbfcd7109ccfb61909ac65aad09274cfea0daac0c",
    "https://esm.sh/v110/fp-ts@2.13.1/lib/MonadThrow.d.ts": "cafea3406cac82a050ee6f84443b3e32389f25a0059dc14fcc235abf12260888",
    "https://esm.sh/v110/fp-ts@2.13.1/lib/Monoid.d.ts": "70700b596dcc48e2cda539f79d8cb38febfbcb6c4b97eca69a2c0fece123d9b0",
    "https://esm.sh/v110/fp-ts@2.13.1/lib/Option.d.ts": "2a48adbdc4ed10478f2e9a828199cce07daeff89ab8598a190103127bf103c35",
    "https://esm.sh/v110/fp-ts@2.13.1/lib/Ord.d.ts": "f708dda812f9f1450e38ce46f62f687b774f155dc34e0c6ffc34437fbbc38a38",
    "https://esm.sh/v110/fp-ts@2.13.1/lib/Ordering.d.ts": "1a3c51fc90bc553ceb6c3a9abce23e8d8f7dc87e72c053696a6432ebb2548955",
    "https://esm.sh/v110/fp-ts@2.13.1/lib/Pointed.d.ts": "b781e4321cd052af482532f91faa4fe54e3e0265ba8aabe636beea721afe1464",
    "https://esm.sh/v110/fp-ts@2.13.1/lib/Predicate.d.ts": "17d5ee721c988aaaaf76876858bcb20781987e74b0bbd5ed574ea7e8aae92ceb",
    "https://esm.sh/v110/fp-ts@2.13.1/lib/ReadonlyNonEmptyArray.d.ts": "01a778e118b4875859d461bfc8f9e79f2aafb060efea7091d21c6b52b359518d",
    "https://esm.sh/v110/fp-ts@2.13.1/lib/ReadonlyRecord.d.ts": "e091fc810421497780ba3a1023a9e538bf46137e66bdebf0f441938c1f01c2bb",
    "https://esm.sh/v110/fp-ts@2.13.1/lib/Refinement.d.ts": "0e7aa138723481f1e65b2454630b8bd2a646f09efebc864ca8c20733b2bef0f9",
    "https://esm.sh/v110/fp-ts@2.13.1/lib/Ring.d.ts": "834b2890583b4f97189a9172a4e3310e46ffa01972214bea4a741f47ac8b5642",
    "https://esm.sh/v110/fp-ts@2.13.1/lib/Semigroup.d.ts": "26b650479bab7e2794cbaf7509cab0f49eebcdf470c65beed48dc11bda9399e9",
    "https://esm.sh/v110/fp-ts@2.13.1/lib/Semiring.d.ts": "4d11730841ec9de1b0a257a36f1dcf329d458703972e202adabf45cc11ad0b7e",
    "https://esm.sh/v110/fp-ts@2.13.1/lib/Separated.d.ts": "466554c2570587b44f33abe7f9bf1e7779d6bcb57b4dc20a58dd76b34dbc1b24",
    "https://esm.sh/v110/fp-ts@2.13.1/lib/Show.d.ts": "b96043db0ad7c4ea8b4bc4b0bfd395f191a9f41d127f4185b72605a4ad370541",
    "https://esm.sh/v110/fp-ts@2.13.1/lib/Traversable.d.ts": "e02b9d520dc1005fb0923fad55472960a6955ea98864d41d54fafc8a3fc1b668",
    "https://esm.sh/v110/fp-ts@2.13.1/lib/TraversableWithIndex.d.ts": "25774ba569d3275492fbbde792e3db29b6b15ef82ba6692f3f2659921efa740f",
    "https://esm.sh/v110/fp-ts@2.13.1/lib/Unfoldable.d.ts": "a5d0ea7e38e264bc6198eccaf79cfc917d2a7c86b6eea6a469ae83994bcc0f41",
    "https://esm.sh/v110/fp-ts@2.13.1/lib/Witherable.d.ts": "35b72c45b7db663e0b8a25ff8f5f4a7a57a865fe8434a1227b62dfbb742339de",
    "https://esm.sh/v110/fp-ts@2.13.1/lib/Zero.d.ts": "655b6b3247181ad5f577938ccac42aea093285268351bb840110ec1076a4d8ee",
    "https://esm.sh/v110/fp-ts@2.13.1/lib/function.d.ts": "c48ff763d6193086d61ee75a3f9352a7385165a5825b65bb2527c2838666ccaa",
    "https://esm.sh/v110/io-ts@2.2.20/deno/PathReporter.js": "b13fb2576e5ab8605d126f1fe2e4111b77a3f442089c860f010d0169031ed108",
    "https://esm.sh/v110/io-ts@2.2.20/deno/es6.js": "ee5aa6f826c2c19259c926798e25ea67bf3f8a66c6ead6e7d235c973cfa7c948",
    "https://esm.sh/v110/io-ts@2.2.20/deno/io-ts.js": "b52f66fe80d0ca2cb3a13756da365dc62bb2d6c87ea96d86d571b72fa2ef1f1a",
    "https://esm.sh/v110/io-ts@2.2.20/lib/PathReporter.d.ts": "1ca660ff366f9d9c1a6f36e3168a30f486e95b48089cb198b7907cfce2d3c4e7",
    "https://esm.sh/v110/io-ts@2.2.20/lib/Reporter.d.ts": "d4673ea681b45503d96d436e1f23cca77aff36a288cd86bef8e68448ce7a1743",
    "https://esm.sh/v110/io-ts@2.2.20/lib/index.d.ts": "157f1ebf6e68d549fd84e1d1c56f76a37e871030dc53bd3babea064198ef221e"
  },
  "npm": {
    "specifiers": {
      "fp-ts": "fp-ts@2.13.1",
      "io-ts": "io-ts@2.2.20_fp-ts@2.13.1"
    },
    "packages": {
      "fp-ts@2.13.1": {
        "integrity": "sha512-0eu5ULPS2c/jsa1lGFneEFFEdTbembJv8e4QKXeVJ3lm/5hyve06dlKZrpxmMwJt6rYen7sxmHHK2CLaXvWuWQ==",
        "dependencies": {}
      },
      "io-ts@2.2.20_fp-ts@2.13.1": {
        "integrity": "sha512-Rq2BsYmtwS5vVttie4rqrOCIfHCS9TgpRLFpKQCM1wZBBRY9nWVGmEvm2FnDbSE2un1UE39DvFpTR5UL47YDcA==",
        "dependencies": {
          "fp-ts": "fp-ts@2.13.1"
        }
      }
    }
  }
}
